
Microsoft Visual Studio Solution File, Format Version 12.00
# Visual Studio 2012
Project("{FAE04EC0-301F-11D3-BF4B-00C04F79EFBC}") = "DoAnSieuThiMinik", "DoAnSieuThiMinik\DoAnSieuThiMinik.csproj", "{9B058D09-82D2-4AD4-A816-AC28ABCD16E1}"
EndProject
Project("{FAE04EC0-301F-11D3-BF4B-00C04F79EFBC}") = "DAL_BLL", "DAL_BLL\DAL_BLL.csproj", "{12664F3C-232D-4B79-9049-D9923B6CC3D5}"
EndProject
Global
	GlobalSection(SolutionConfigurationPlatforms) = preSolution
		Debug|Any CPU = Debug|Any CPU
		Release|Any CPU = Release|Any CPU
	EndGlobalSection
	GlobalSection(ProjectConfigurationPlatforms) = postSolution
		{9B058D09-82D2-4AD4-A816-AC28ABCD16E1}.Debug|Any CPU.ActiveCfg = Debug|Any CPU
		{9B058D09-82D2-4AD4-A816-AC28ABCD16E1}.Debug|Any CPU.Build.0 = Debug|Any CPU
		{9B058D09-82D2-4AD4-A816-AC28ABCD16E1}.Release|Any CPU.ActiveCfg = Release|Any CPU
		{9B058D09-82D2-4AD4-A816-AC28ABCD16E1}.Release|Any CPU.Build.0 = Release|Any CPU
		{12664F3C-232D-4B79-9049-D9923B6CC3D5}.Debug|Any CPU.ActiveCfg = Debug|Any CPU
		{12664F3C-232D-4B79-9049-D9923B6CC3D5}.Debug|Any CPU.Build.0 = Debug|Any CPU
		{12664F3C-232D-4B79-9049-D9923B6CC3D5}.Release|Any CPU.ActiveCfg = Release|Any CPU
		{12664F3C-232D-4B79-9049-D9923B6CC3D5}.Release|Any CPU.Build.0 = Release|Any CPU
	EndGlobalSection
	GlobalSection(SolutionProperties) = preSolution
		HideSolutionNode = FALSE
	EndGlobalSection
EndGlobal
